
Microsoft Visual Studio Solution File, Format Version 12.00
# Visual Studio Version 16
VisualStudioVersion = 16.0.31129.286
MinimumVisualStudioVersion = 10.0.40219.1
Project("{FAE04EC0-301F-11D3-BF4B-00C04F79EFBC}") = "CloudFirst", "CloudFirst\CloudFirst.csproj", "{A950BB9F-0817-4D1D-BE38-C99910AF00F7}"
EndProject
Global
	GlobalSection(SolutionConfigurationPlatforms) = preSolution
		Debug|Any CPU = Debug|Any CPU
		Release|Any CPU = Release|Any CPU
	EndGlobalSection
	GlobalSection(ProjectConfigurationPlatforms) = postSolution
		{A950BB9F-0817-4D1D-BE38-C99910AF00F7}.Debug|Any CPU.ActiveCfg = Debug|Any CPU
		{A950BB9F-0817-4D1D-BE38-C99910AF00F7}.Debug|Any CPU.Build.0 = Debug|Any CPU
		{A950BB9F-0817-4D1D-BE38-C99910AF00F7}.Release|Any CPU.ActiveCfg = Release|Any CPU
		{A950BB9F-0817-4D1D-BE38-C99910AF00F7}.Release|Any CPU.Build.0 = Release|Any CPU
	EndGlobalSection
	GlobalSection(SolutionProperties) = preSolution
		HideSolutionNode = FALSE
	EndGlobalSection
	GlobalSection(ExtensibilityGlobals) = postSolution
		SolutionGuid = {24EE6D6A-049A-4476-A4B0-8C2F83E7D37A}
	EndGlobalSection
EndGlobal
