
Microsoft Visual Studio Solution File, Format Version 12.00
# Visual Studio Version 16
VisualStudioVersion = 16.0.31129.286
MinimumVisualStudioVersion = 10.0.40219.1
Project("{FAE04EC0-301F-11D3-BF4B-00C04F79EFBC}") = "CodeFirstApp", "CodeFirstApp\CodeFirstApp.csproj", "{24090D5E-4B98-4EAA-957F-ECDB42A72CD7}"
EndProject
Global
	GlobalSection(SolutionConfigurationPlatforms) = preSolution
		Debug|Any CPU = Debug|Any CPU
		Release|Any CPU = Release|Any CPU
	EndGlobalSection
	GlobalSection(ProjectConfigurationPlatforms) = postSolution
		{24090D5E-4B98-4EAA-957F-ECDB42A72CD7}.Debug|Any CPU.ActiveCfg = Debug|Any CPU
		{24090D5E-4B98-4EAA-957F-ECDB42A72CD7}.Debug|Any CPU.Build.0 = Debug|Any CPU
		{24090D5E-4B98-4EAA-957F-ECDB42A72CD7}.Release|Any CPU.ActiveCfg = Release|Any CPU
		{24090D5E-4B98-4EAA-957F-ECDB42A72CD7}.Release|Any CPU.Build.0 = Release|Any CPU
	EndGlobalSection
	GlobalSection(SolutionProperties) = preSolution
		HideSolutionNode = FALSE
	EndGlobalSection
	GlobalSection(ExtensibilityGlobals) = postSolution
		SolutionGuid = {15F97F95-CD59-4DF0-9ED4-2333A3E00A21}
	EndGlobalSection
EndGlobal
