
Microsoft Visual Studio Solution File, Format Version 12.00
# Visual Studio Version 16
VisualStudioVersion = 16.0.31313.79
MinimumVisualStudioVersion = 10.0.40219.1
Project("{9A19103F-16F7-4668-BE54-9A1E7A4F7556}") = "CodeFristApp", "CodeFristApp\CodeFristApp.csproj", "{98F95973-DED9-4640-B1B5-EE39E52FFF84}"
EndProject
Global
	GlobalSection(SolutionConfigurationPlatforms) = preSolution
		Debug|Any CPU = Debug|Any CPU
		Release|Any CPU = Release|Any CPU
	EndGlobalSection
	GlobalSection(ProjectConfigurationPlatforms) = postSolution
		{98F95973-DED9-4640-B1B5-EE39E52FFF84}.Debug|Any CPU.ActiveCfg = Debug|Any CPU
		{98F95973-DED9-4640-B1B5-EE39E52FFF84}.Debug|Any CPU.Build.0 = Debug|Any CPU
		{98F95973-DED9-4640-B1B5-EE39E52FFF84}.Release|Any CPU.ActiveCfg = Release|Any CPU
		{98F95973-DED9-4640-B1B5-EE39E52FFF84}.Release|Any CPU.Build.0 = Release|Any CPU
	EndGlobalSection
	GlobalSection(SolutionProperties) = preSolution
		HideSolutionNode = FALSE
	EndGlobalSection
	GlobalSection(ExtensibilityGlobals) = postSolution
		SolutionGuid = {B35EF9E9-42BA-4611-AA60-16A687626781}
	EndGlobalSection
EndGlobal
